{
  "name": "@writetome51/get-first-last-alphabetical",
  "version": "1.0.0",
  "lockfileVersion": 1,
  "requires": true,
  "dependencies": {
    "@writetome51/alphabetize": {
      "version": "1.0.3",
      "resolved": "https://registry.npmjs.org/@writetome51/alphabetize/-/alphabetize-1.0.3.tgz",
      "integrity": "sha512-6tRp6q0wYrGm1qdtIzr/UITs7djZP4DBqiMW2yOAfwy2gwj8QQ0hqXx527Vry6IME+tCd9R1/nPOkaZHb9NFWw==",
      "requires": {
        "basic-data-handling": "^1.0.12"
      }
    },
    "basic-data-handling": {
      "version": "1.0.12",
      "resolved": "https://registry.npmjs.org/basic-data-handling/-/basic-data-handling-1.0.12.tgz",
      "integrity": "sha512-zeWSs51vDmRqvDkIewERsygFb5NDT24QbZZvZ7fz/Wusxy1yHvPDOhE46lJiBE+l+1CEQv96ZUES4IFvbRGMvA=="
    }
  }
}
