{
  "name": "@writetome51/get-first-last-alphabetical",
  "version": "1.0.1",
  "lockfileVersion": 1,
  "requires": true,
  "dependencies": {
    "@writetome51/alphabetize": {
      "version": "1.0.5",
      "resolved": "https://registry.npmjs.org/@writetome51/alphabetize/-/alphabetize-1.0.5.tgz",
      "integrity": "sha512-jJQJToBTqfoZc0p9UjBod4F3VMQa/mByXVUn9L446IC6p6bhfDMieM3QJFY0JsLSgVUu14PcCI8mOVtw9Tcqdg==",
      "requires": {
        "basic-data-handling": "~1.0.15"
      }
    },
    "basic-data-handling": {
      "version": "1.0.15",
      "resolved": "https://registry.npmjs.org/basic-data-handling/-/basic-data-handling-1.0.15.tgz",
      "integrity": "sha512-HyXRwPTfhKacukW4mMJl+3IsFC+5NzMr9flzp+XBJhHol0eAZzLxYqP7w3Cme3cziKcshzoO7Zf/9C+bewJWpA=="
    }
  }
}
